PODS:
  - Flutter (1.0.0)
  - integration_test (0.0.1):
    - Flutter
  - optimus_user_agent (0.0.1):
    - Flutter

DEPENDENCIES:
  - Flutter (from `Flutter`)
  - integration_test (from `.symlinks/plugins/integration_test/ios`)
  - optimus_user_agent (from `.symlinks/plugins/optimus_user_agent/ios`)

EXTERNAL SOURCES:
  Flutter:
    :path: Flutter
  integration_test:
    :path: ".symlinks/plugins/integration_test/ios"
  optimus_user_agent:
    :path: ".symlinks/plugins/optimus_user_agent/ios"

SPEC CHECKSUMS:
  Flutter: f04841e97a9d0b0a8025694d0796dd46242b2854
  integration_test: 13825b8a9334a850581300559b8839134b124670
  optimus_user_agent: adab35b7fbb73cf60eb9b5d62ddc469b28165715

PODFILE CHECKSUM: 819463e6a0290f5a72f145ba7cde16e8b6ef0796

COCOAPODS: 1.15.2
